// !$*UTF8*$!
{
	archiveVersion = 1;
	classes = {
	};
	objectVersion = 56;
	objects = {

/* Begin PBXBuildFile section */
		26B113512CADDB4500C27B71 /* MockNetworkManager.swift in Sources */ = {isa = PBXBuildFile; fileRef = 26B113502CADDB4500C27B71 /* MockNetworkManager.swift */; };
		26B113532CADDB5400C27B71 /* MockAPIManager.swift in Sources */ = {isa = PBXBuildFile; fileRef = 26B113522CADDB5400C27B71 /* MockAPIManager.swift */; };
		26B113552CADDB6A00C27B71 /* MockCoreDataManager.swift in Sources */ = {isa = PBXBuildFile; fileRef = 26B113542CADDB6A00C27B71 /* MockCoreDataManager.swift */; };
		26B113582CADE4F400C27B71 /* ImageExtensionTesting.swift in Sources */ = {isa = PBXBuildFile; fileRef = 26B113572CADE4F400C27B71 /* ImageExtensionTesting.swift */; };
		26B1135B2CADF65600C27B71 /* ReachabilityServices.swift in Sources */ = {isa = PBXBuildFile; fileRef = 26B1135A2CADF65600C27B71 /* ReachabilityServices.swift */; };
		26FFA1102CAAE2B5003128C1 /* AppDelegate.swift in Sources */ = {isa = PBXBuildFile; fileRef = 26FFA10F2CAAE2B5003128C1 /* AppDelegate.swift */; };
		26FFA1122CAAE2B5003128C1 /* SceneDelegate.swift in Sources */ = {isa = PBXBuildFile; fileRef = 26FFA1112CAAE2B5003128C1 /* SceneDelegate.swift */; };
		26FFA1142CAAE2B5003128C1 /* ViewController.swift in Sources */ = {isa = PBXBuildFile; fileRef = 26FFA1132CAAE2B5003128C1 /* ViewController.swift */; };
		26FFA1172CAAE2B5003128C1 /* Main.storyboard in Resources */ = {isa = PBXBuildFile; fileRef = 26FFA1152CAAE2B5003128C1 /* Main.storyboard */; };
		26FFA11A2CAAE2B5003128C1 /* banquemisr_challenge05__.xcdatamodeld in Sources */ = {isa = PBXBuildFile; fileRef = 26FFA1182CAAE2B5003128C1 /* banquemisr_challenge05__.xcdatamodeld */; };
		26FFA11C2CAAE2B7003128C1 /* Assets.xcassets in Resources */ = {isa = PBXBuildFile; fileRef = 26FFA11B2CAAE2B7003128C1 /* Assets.xcassets */; };
		26FFA11F2CAAE2B7003128C1 /* LaunchScreen.storyboard in Resources */ = {isa = PBXBuildFile; fileRef = 26FFA11D2CAAE2B7003128C1 /* LaunchScreen.storyboard */; };
		26FFA12A2CAAE2B8003128C1 /* banquemisr_challenge05__Tests.swift in Sources */ = {isa = PBXBuildFile; fileRef = 26FFA1292CAAE2B8003128C1 /* banquemisr_challenge05__Tests.swift */; };
		26FFA1342CAAE2B8003128C1 /* banquemisr_challenge05__UITests.swift in Sources */ = {isa = PBXBuildFile; fileRef = 26FFA1332CAAE2B8003128C1 /* banquemisr_challenge05__UITests.swift */; };
		26FFA1362CAAE2B8003128C1 /* banquemisr_challenge05__UITestsLaunchTests.swift in Sources */ = {isa = PBXBuildFile; fileRef = 26FFA1352CAAE2B8003128C1 /* banquemisr_challenge05__UITestsLaunchTests.swift */; };
		26FFA1512CAAE51D003128C1 /* APIManager.swift in Sources */ = {isa = PBXBuildFile; fileRef = 26FFA1502CAAE51D003128C1 /* APIManager.swift */; };
		26FFA1542CAAEA49003128C1 /* EndPointsEnum.swift in Sources */ = {isa = PBXBuildFile; fileRef = 26FFA1532CAAEA49003128C1 /* EndPointsEnum.swift */; };
		26FFA1562CAAECE0003128C1 /* NetworkManager.swift in Sources */ = {isa = PBXBuildFile; fileRef = 26FFA1552CAAECE0003128C1 /* NetworkManager.swift */; };
		26FFA1582CAAF0DF003128C1 /* NetworkErrorEnum.swift in Sources */ = {isa = PBXBuildFile; fileRef = 26FFA1572CAAF0DF003128C1 /* NetworkErrorEnum.swift */; };
		26FFA15A2CAB20A1003128C1 /* MoviesListViewModel.swift in Sources */ = {isa = PBXBuildFile; fileRef = 26FFA1592CAB20A1003128C1 /* MoviesListViewModel.swift */; };
		26FFA15C2CAB20B2003128C1 /* MoviesListViewController.swift in Sources */ = {isa = PBXBuildFile; fileRef = 26FFA15B2CAB20B2003128C1 /* MoviesListViewController.swift */; };
		26FFA15E2CAB20FB003128C1 /* Movie.swift in Sources */ = {isa = PBXBuildFile; fileRef = 26FFA15D2CAB20FB003128C1 /* Movie.swift */; };
		26FFA1602CAB21A8003128C1 /* ImageExtension.swift in Sources */ = {isa = PBXBuildFile; fileRef = 26FFA15F2CAB21A8003128C1 /* ImageExtension.swift */; };
		26FFA16B2CAB3F4C003128C1 /* MoviesTableViewCell.swift in Sources */ = {isa = PBXBuildFile; fileRef = 26FFA16A2CAB3F4C003128C1 /* MoviesTableViewCell.swift */; };
		26FFA16D2CAB426C003128C1 /* MovieDetails.swift in Sources */ = {isa = PBXBuildFile; fileRef = 26FFA16C2CAB426C003128C1 /* MovieDetails.swift */; };
		26FFA16F2CAB4297003128C1 /* MovieDetailsViewModel.swift in Sources */ = {isa = PBXBuildFile; fileRef = 26FFA16E2CAB4297003128C1 /* MovieDetailsViewModel.swift */; };
		26FFA1712CAB42B0003128C1 /* MovieDetailsViewController.swift in Sources */ = {isa = PBXBuildFile; fileRef = 26FFA1702CAB42B0003128C1 /* MovieDetailsViewController.swift */; };
		26FFA1732CAC00A0003128C1 /* CoreDataManager.swift in Sources */ = {isa = PBXBuildFile; fileRef = 26FFA1722CAC00A0003128C1 /* CoreDataManager.swift */; };
		26FFA17C2CADB2D9003128C1 /* NetworkTests.swift in Sources */ = {isa = PBXBuildFile; fileRef = 26FFA17B2CADB2D9003128C1 /* NetworkTests.swift */; };
		26FFA17E2CADB2F0003128C1 /* MockNetwork.swift in Sources */ = {isa = PBXBuildFile; fileRef = 26FFA17D2CADB2F0003128C1 /* MockNetwork.swift */; };
		26FFA1802CADB31D003128C1 /* APIManagerTests.swift in Sources */ = {isa = PBXBuildFile; fileRef = 26FFA17F2CADB31D003128C1 /* APIManagerTests.swift */; };
		26FFA1822CADB32C003128C1 /* CoreDataTests.swift in Sources */ = {isa = PBXBuildFile; fileRef = 26FFA1812CADB32C003128C1 /* CoreDataTests.swift */; };
		26FFA1862CADB366003128C1 /* MoviesListViewModelTests.swift in Sources */ = {isa = PBXBuildFile; fileRef = 26FFA1852CADB366003128C1 /* MoviesListViewModelTests.swift */; };
		26FFA1882CADB37C003128C1 /* MovieDetailsViewModelTests.swift in Sources */ = {isa = PBXBuildFile; fileRef = 26FFA1872CADB37C003128C1 /* MovieDetailsViewModelTests.swift */; };
/* End PBXBuildFile section */

/* Begin PBXContainerItemProxy section */
		26FFA1262CAAE2B8003128C1 /* PBXContainerItemProxy */ = {
			isa = PBXContainerItemProxy;
			containerPortal = 26FFA1042CAAE2B5003128C1 /* Project object */;
			proxyType = 1;
			remoteGlobalIDString = 26FFA10B2CAAE2B5003128C1;
			remoteInfo = "banquemisr.challenge05.*";
		};
		26FFA1302CAAE2B8003128C1 /* PBXContainerItemProxy */ = {
			isa = PBXContainerItemProxy;
			containerPortal = 26FFA1042CAAE2B5003128C1 /* Project object */;
			proxyType = 1;
			remoteGlobalIDString = 26FFA10B2CAAE2B5003128C1;
			remoteInfo = "banquemisr.challenge05.*";
		};
/* End PBXContainerItemProxy section */

/* Begin PBXFileReference section */
		26B113502CADDB4500C27B71 /* MockNetworkManager.swift */ = {isa = PBXFileReference; lastKnownFileType = sourcecode.swift; path = MockNetworkManager.swift; sourceTree = "<group>"; };
		26B113522CADDB5400C27B71 /* MockAPIManager.swift */ = {isa = PBXFileReference; lastKnownFileType = sourcecode.swift; path = MockAPIManager.swift; sourceTree = "<group>"; };
		26B113542CADDB6A00C27B71 /* MockCoreDataManager.swift */ = {isa = PBXFileReference; lastKnownFileType = sourcecode.swift; path = MockCoreDataManager.swift; sourceTree = "<group>"; };
		26B113572CADE4F400C27B71 /* ImageExtensionTesting.swift */ = {isa = PBXFileReference; lastKnownFileType = sourcecode.swift; path = ImageExtensionTesting.swift; sourceTree = "<group>"; };
		26B1135A2CADF65600C27B71 /* ReachabilityServices.swift */ = {isa = PBXFileReference; lastKnownFileType = sourcecode.swift; path = ReachabilityServices.swift; sourceTree = "<group>"; };
		26FFA10C2CAAE2B5003128C1 /* banquemisr.challenge05.*.app */ = {isa = PBXFileReference; explicitFileType = wrapper.application; includeInIndex = 0; path = "banquemisr.challenge05.*.app"; sourceTree = BUILT_PRODUCTS_DIR; };
		26FFA10F2CAAE2B5003128C1 /* AppDelegate.swift */ = {isa = PBXFileReference; lastKnownFileType = sourcecode.swift; path = AppDelegate.swift; sourceTree = "<group>"; };
		26FFA1112CAAE2B5003128C1 /* SceneDelegate.swift */ = {isa = PBXFileReference; lastKnownFileType = sourcecode.swift; path = SceneDelegate.swift; sourceTree = "<group>"; };
		26FFA1132CAAE2B5003128C1 /* ViewController.swift */ = {isa = PBXFileReference; lastKnownFileType = sourcecode.swift; path = ViewController.swift; sourceTree = "<group>"; };
		26FFA1162CAAE2B5003128C1 /* Base */ = {isa = PBXFileReference; lastKnownFileType = file.storyboard; name = Base; path = Base.lproj/Main.storyboard; sourceTree = "<group>"; };
		26FFA1192CAAE2B5003128C1 /* banquemisr_challenge05__.xcdatamodel */ = {isa = PBXFileReference; lastKnownFileType = wrapper.xcdatamodel; path = banquemisr_challenge05__.xcdatamodel; sourceTree = "<group>"; };
		26FFA11B2CAAE2B7003128C1 /* Assets.xcassets */ = {isa = PBXFileReference; lastKnownFileType = folder.assetcatalog; path = Assets.xcassets; sourceTree = "<group>"; };
		26FFA11E2CAAE2B7003128C1 /* Base */ = {isa = PBXFileReference; lastKnownFileType = file.storyboard; name = Base; path = Base.lproj/LaunchScreen.storyboard; sourceTree = "<group>"; };
		26FFA1202CAAE2B7003128C1 /* Info.plist */ = {isa = PBXFileReference; lastKnownFileType = text.plist.xml; path = Info.plist; sourceTree = "<group>"; };
		26FFA1252CAAE2B8003128C1 /* banquemisr.challenge05.*Tests.xctest */ = {isa = PBXFileReference; explicitFileType = wrapper.cfbundle; includeInIndex = 0; path = "banquemisr.challenge05.*Tests.xctest"; sourceTree = BUILT_PRODUCTS_DIR; };
		26FFA1292CAAE2B8003128C1 /* banquemisr_challenge05__Tests.swift */ = {isa = PBXFileReference; lastKnownFileType = sourcecode.swift; path = banquemisr_challenge05__Tests.swift; sourceTree = "<group>"; };
		26FFA12F2CAAE2B8003128C1 /* banquemisr.challenge05.*UITests.xctest */ = {isa = PBXFileReference; explicitFileType = wrapper.cfbundle; includeInIndex = 0; path = "banquemisr.challenge05.*UITests.xctest"; sourceTree = BUILT_PRODUCTS_DIR; };
		26FFA1332CAAE2B8003128C1 /* banquemisr_challenge05__UITests.swift */ = {isa = PBXFileReference; lastKnownFileType = sourcecode.swift; path = banquemisr_challenge05__UITests.swift; sourceTree = "<group>"; };
		26FFA1352CAAE2B8003128C1 /* banquemisr_challenge05__UITestsLaunchTests.swift */ = {isa = PBXFileReference; lastKnownFileType = sourcecode.swift; path = banquemisr_challenge05__UITestsLaunchTests.swift; sourceTree = "<group>"; };
		26FFA1502CAAE51D003128C1 /* APIManager.swift */ = {isa = PBXFileReference; lastKnownFileType = sourcecode.swift; path = APIManager.swift; sourceTree = "<group>"; };
		26FFA1532CAAEA49003128C1 /* EndPointsEnum.swift */ = {isa = PBXFileReference; lastKnownFileType = sourcecode.swift; path = EndPointsEnum.swift; sourceTree = "<group>"; };
		26FFA1552CAAECE0003128C1 /* NetworkManager.swift */ = {isa = PBXFileReference; lastKnownFileType = sourcecode.swift; path = NetworkManager.swift; sourceTree = "<group>"; };
		26FFA1572CAAF0DF003128C1 /* NetworkErrorEnum.swift */ = {isa = PBXFileReference; lastKnownFileType = sourcecode.swift; path = NetworkErrorEnum.swift; sourceTree = "<group>"; };
		26FFA1592CAB20A1003128C1 /* MoviesListViewModel.swift */ = {isa = PBXFileReference; lastKnownFileType = sourcecode.swift; path = MoviesListViewModel.swift; sourceTree = "<group>"; };
		26FFA15B2CAB20B2003128C1 /* MoviesListViewController.swift */ = {isa = PBXFileReference; lastKnownFileType = sourcecode.swift; path = MoviesListViewController.swift; sourceTree = "<group>"; };
		26FFA15D2CAB20FB003128C1 /* Movie.swift */ = {isa = PBXFileReference; lastKnownFileType = sourcecode.swift; path = Movie.swift; sourceTree = "<group>"; };
		26FFA15F2CAB21A8003128C1 /* ImageExtension.swift */ = {isa = PBXFileReference; lastKnownFileType = sourcecode.swift; path = ImageExtension.swift; sourceTree = "<group>"; };
		26FFA16A2CAB3F4C003128C1 /* MoviesTableViewCell.swift */ = {isa = PBXFileReference; lastKnownFileType = sourcecode.swift; path = MoviesTableViewCell.swift; sourceTree = "<group>"; };
		26FFA16C2CAB426C003128C1 /* MovieDetails.swift */ = {isa = PBXFileReference; lastKnownFileType = sourcecode.swift; path = MovieDetails.swift; sourceTree = "<group>"; };
		26FFA16E2CAB4297003128C1 /* MovieDetailsViewModel.swift */ = {isa = PBXFileReference; lastKnownFileType = sourcecode.swift; path = MovieDetailsViewModel.swift; sourceTree = "<group>"; };
		26FFA1702CAB42B0003128C1 /* MovieDetailsViewController.swift */ = {isa = PBXFileReference; lastKnownFileType = sourcecode.swift; path = MovieDetailsViewController.swift; sourceTree = "<group>"; };
		26FFA1722CAC00A0003128C1 /* CoreDataManager.swift */ = {isa = PBXFileReference; lastKnownFileType = sourcecode.swift; path = CoreDataManager.swift; sourceTree = "<group>"; };
		26FFA17B2CADB2D9003128C1 /* NetworkTests.swift */ = {isa = PBXFileReference; lastKnownFileType = sourcecode.swift; path = NetworkTests.swift; sourceTree = "<group>"; };
		26FFA17D2CADB2F0003128C1 /* MockNetwork.swift */ = {isa = PBXFileReference; lastKnownFileType = sourcecode.swift; path = MockNetwork.swift; sourceTree = "<group>"; };
		26FFA17F2CADB31D003128C1 /* APIManagerTests.swift */ = {isa = PBXFileReference; lastKnownFileType = sourcecode.swift; path = APIManagerTests.swift; sourceTree = "<group>"; };
		26FFA1812CADB32C003128C1 /* CoreDataTests.swift */ = {isa = PBXFileReference; lastKnownFileType = sourcecode.swift; path = CoreDataTests.swift; sourceTree = "<group>"; };
		26FFA1852CADB366003128C1 /* MoviesListViewModelTests.swift */ = {isa = PBXFileReference; lastKnownFileType = sourcecode.swift; path = MoviesListViewModelTests.swift; sourceTree = "<group>"; };
		26FFA1872CADB37C003128C1 /* MovieDetailsViewModelTests.swift */ = {isa = PBXFileReference; lastKnownFileType = sourcecode.swift; path = MovieDetailsViewModelTests.swift; sourceTree = "<group>"; };
/* End PBXFileReference section */

/* Begin PBXFrameworksBuildPhase section */
		26FFA1092CAAE2B5003128C1 /* Frameworks */ = {
			isa = PBXFrameworksBuildPhase;
			buildActionMask = 2147483647;
			files = (
			);
			runOnlyForDeploymentPostprocessing = 0;
		};
		26FFA1222CAAE2B8003128C1 /* Frameworks */ = {
			isa = PBXFrameworksBuildPhase;
			buildActionMask = 2147483647;
			files = (
			);
			runOnlyForDeploymentPostprocessing = 0;
		};
		26FFA12C2CAAE2B8003128C1 /* Frameworks */ = {
			isa = PBXFrameworksBuildPhase;
			buildActionMask = 2147483647;
			files = (
			);
			runOnlyForDeploymentPostprocessing = 0;
		};
/* End PBXFrameworksBuildPhase section */

/* Begin PBXGroup section */
		26B1134F2CADDB2A00C27B71 /* Mocking */ = {
			isa = PBXGroup;
			children = (
				26B113502CADDB4500C27B71 /* MockNetworkManager.swift */,
				26B113522CADDB5400C27B71 /* MockAPIManager.swift */,
				26B113542CADDB6A00C27B71 /* MockCoreDataManager.swift */,
			);
			path = Mocking;
			sourceTree = "<group>";
		};
		26B113562CADE4B400C27B71 /* Extensions Tests */ = {
			isa = PBXGroup;
			children = (
				26B113572CADE4F400C27B71 /* ImageExtensionTesting.swift */,
			);
			path = "Extensions Tests";
			sourceTree = "<group>";
		};
		26FFA1032CAAE2B5003128C1 = {
			isa = PBXGroup;
			children = (
				26FFA10E2CAAE2B5003128C1 /* banquemisr.challenge05.* */,
				26FFA1282CAAE2B8003128C1 /* banquemisr.challenge05.*Tests */,
				26FFA1322CAAE2B8003128C1 /* banquemisr.challenge05.*UITests */,
				26FFA10D2CAAE2B5003128C1 /* Products */,
			);
			sourceTree = "<group>";
		};
		26FFA10D2CAAE2B5003128C1 /* Products */ = {
			isa = PBXGroup;
			children = (
				26FFA10C2CAAE2B5003128C1 /* banquemisr.challenge05.*.app */,
				26FFA1252CAAE2B8003128C1 /* banquemisr.challenge05.*Tests.xctest */,
				26FFA12F2CAAE2B8003128C1 /* banquemisr.challenge05.*UITests.xctest */,
			);
			name = Products;
			sourceTree = "<group>";
		};
		26FFA10E2CAAE2B5003128C1 /* banquemisr.challenge05.* */ = {
			isa = PBXGroup;
			children = (
				26FFA1522CAAEA19003128C1 /* Utilities */,
				26FFA1482CAAE380003128C1 /* Extensions */,
				26FFA1452CAAE369003128C1 /* Services */,
				26FFA1442CAAE365003128C1 /* View */,
				26FFA1432CAAE360003128C1 /* Model */,
				26FFA1422CAAE35A003128C1 /* Modules */,
				26FFA10F2CAAE2B5003128C1 /* AppDelegate.swift */,
				26FFA1112CAAE2B5003128C1 /* SceneDelegate.swift */,
				26FFA1132CAAE2B5003128C1 /* ViewController.swift */,
				26FFA11B2CAAE2B7003128C1 /* Assets.xcassets */,
				26FFA1202CAAE2B7003128C1 /* Info.plist */,
			);
			path = "banquemisr.challenge05.*";
			sourceTree = "<group>";
		};
		26FFA1282CAAE2B8003128C1 /* banquemisr.challenge05.*Tests */ = {
			isa = PBXGroup;
			children = (
				26B1134F2CADDB2A00C27B71 /* Mocking */,
				26FFA1772CADB22D003128C1 /* APIManager Tests */,
				26FFA1762CADB1FB003128C1 /* Network Tests */,
				26FFA1782CADB24B003128C1 /* CoreData Tests */,
				26FFA1792CADB261003128C1 /* MoviesList Tests */,
				26FFA17A2CADB275003128C1 /* MovieDetails Tests */,
				26B113562CADE4B400C27B71 /* Extensions Tests */,
				26FFA1292CAAE2B8003128C1 /* banquemisr_challenge05__Tests.swift */,
			);
			path = "banquemisr.challenge05.*Tests";
			sourceTree = "<group>";
		};
		26FFA1322CAAE2B8003128C1 /* banquemisr.challenge05.*UITests */ = {
			isa = PBXGroup;
			children = (
				26FFA1332CAAE2B8003128C1 /* banquemisr_challenge05__UITests.swift */,
				26FFA1352CAAE2B8003128C1 /* banquemisr_challenge05__UITestsLaunchTests.swift */,
			);
			path = "banquemisr.challenge05.*UITests";
			sourceTree = "<group>";
		};
		26FFA1422CAAE35A003128C1 /* Modules */ = {
			isa = PBXGroup;
			children = (
				26FFA1492CAAE3B5003128C1 /* Movies List Screen */,
				26FFA14A2CAAE3CB003128C1 /* Movie Details Screen */,
			);
			path = Modules;
			sourceTree = "<group>";
		};
		26FFA1432CAAE360003128C1 /* Model */ = {
			isa = PBXGroup;
			children = (
				26FFA15D2CAB20FB003128C1 /* Movie.swift */,
			);
			path = Model;
			sourceTree = "<group>";
		};
		26FFA1442CAAE365003128C1 /* View */ = {
			isa = PBXGroup;
			children = (
				26FFA1152CAAE2B5003128C1 /* Main.storyboard */,
				26FFA11D2CAAE2B7003128C1 /* LaunchScreen.storyboard */,
			);
			path = View;
			sourceTree = "<group>";
		};
		26FFA1452CAAE369003128C1 /* Services */ = {
			isa = PBXGroup;
			children = (
				26FFA1472CAAE377003128C1 /* Local */,
				26FFA1462CAAE370003128C1 /* Remote */,
			);
			path = Services;
			sourceTree = "<group>";
		};
		26FFA1462CAAE370003128C1 /* Remote */ = {
			isa = PBXGroup;
			children = (
				26FFA1502CAAE51D003128C1 /* APIManager.swift */,
				26FFA1552CAAECE0003128C1 /* NetworkManager.swift */,
				26B1135A2CADF65600C27B71 /* ReachabilityServices.swift */,
			);
			path = Remote;
			sourceTree = "<group>";
		};
		26FFA1472CAAE377003128C1 /* Local */ = {
			isa = PBXGroup;
			children = (
				26FFA1182CAAE2B5003128C1 /* banquemisr_challenge05__.xcdatamodeld */,
				26FFA1722CAC00A0003128C1 /* CoreDataManager.swift */,
			);
			path = Local;
			sourceTree = "<group>";
		};
		26FFA1482CAAE380003128C1 /* Extensions */ = {
			isa = PBXGroup;
			children = (
				26FFA15F2CAB21A8003128C1 /* ImageExtension.swift */,
			);
			path = Extensions;
			sourceTree = "<group>";
		};
		26FFA1492CAAE3B5003128C1 /* Movies List Screen */ = {
			isa = PBXGroup;
			children = (
				26FFA14C2CAAE3E6003128C1 /* View */,
				26FFA14B2CAAE3DC003128C1 /* View Model */,
			);
			path = "Movies List Screen";
			sourceTree = "<group>";
		};
		26FFA14A2CAAE3CB003128C1 /* Movie Details Screen */ = {
			isa = PBXGroup;
			children = (
				26FFA14F2CAAE3F7003128C1 /* Model */,
				26FFA14E2CAAE3F1003128C1 /* View */,
				26FFA14D2CAAE3EB003128C1 /* View Model */,
			);
			path = "Movie Details Screen";
			sourceTree = "<group>";
		};
		26FFA14B2CAAE3DC003128C1 /* View Model */ = {
			isa = PBXGroup;
			children = (
				26FFA1592CAB20A1003128C1 /* MoviesListViewModel.swift */,
			);
			path = "View Model";
			sourceTree = "<group>";
		};
		26FFA14C2CAAE3E6003128C1 /* View */ = {
			isa = PBXGroup;
			children = (
				26FFA15B2CAB20B2003128C1 /* MoviesListViewController.swift */,
				26FFA16A2CAB3F4C003128C1 /* MoviesTableViewCell.swift */,
			);
			path = View;
			sourceTree = "<group>";
		};
		26FFA14D2CAAE3EB003128C1 /* View Model */ = {
			isa = PBXGroup;
			children = (
				26FFA16E2CAB4297003128C1 /* MovieDetailsViewModel.swift */,
			);
			path = "View Model";
			sourceTree = "<group>";
		};
		26FFA14E2CAAE3F1003128C1 /* View */ = {
			isa = PBXGroup;
			children = (
				26FFA1702CAB42B0003128C1 /* MovieDetailsViewController.swift */,
			);
			path = View;
			sourceTree = "<group>";
		};
		26FFA14F2CAAE3F7003128C1 /* Model */ = {
			isa = PBXGroup;
			children = (
				26FFA16C2CAB426C003128C1 /* MovieDetails.swift */,
			);
			path = Model;
			sourceTree = "<group>";
		};
		26FFA1522CAAEA19003128C1 /* Utilities */ = {
			isa = PBXGroup;
			children = (
				26FFA1532CAAEA49003128C1 /* EndPointsEnum.swift */,
				26FFA1572CAAF0DF003128C1 /* NetworkErrorEnum.swift */,
			);
			path = Utilities;
			sourceTree = "<group>";
		};
		26FFA1762CADB1FB003128C1 /* Network Tests */ = {
			isa = PBXGroup;
			children = (
				26FFA17B2CADB2D9003128C1 /* NetworkTests.swift */,
				26FFA17D2CADB2F0003128C1 /* MockNetwork.swift */,
			);
			path = "Network Tests";
			sourceTree = "<group>";
		};
		26FFA1772CADB22D003128C1 /* APIManager Tests */ = {
			isa = PBXGroup;
			children = (
				26FFA17F2CADB31D003128C1 /* APIManagerTests.swift */,
			);
			path = "APIManager Tests";
			sourceTree = "<group>";
		};
		26FFA1782CADB24B003128C1 /* CoreData Tests */ = {
			isa = PBXGroup;
			children = (
				26FFA1812CADB32C003128C1 /* CoreDataTests.swift */,
			);
			path = "CoreData Tests";
			sourceTree = "<group>";
		};
		26FFA1792CADB261003128C1 /* MoviesList Tests */ = {
			isa = PBXGroup;
			children = (
				26FFA1852CADB366003128C1 /* MoviesListViewModelTests.swift */,
			);
			path = "MoviesList Tests";
			sourceTree = "<group>";
		};
		26FFA17A2CADB275003128C1 /* MovieDetails Tests */ = {
			isa = PBXGroup;
			children = (
				26FFA1872CADB37C003128C1 /* MovieDetailsViewModelTests.swift */,
			);
			path = "MovieDetails Tests";
			sourceTree = "<group>";
		};
/* End PBXGroup section */

/* Begin PBXNativeTarget section */
		26FFA10B2CAAE2B5003128C1 /* banquemisr.challenge05.* */ = {
			isa = PBXNativeTarget;
			buildConfigurationList = 26FFA1392CAAE2B8003128C1 /* Build configuration list for PBXNativeTarget "banquemisr.challenge05.*" */;
			buildPhases = (
				26FFA1082CAAE2B5003128C1 /* Sources */,
				26FFA1092CAAE2B5003128C1 /* Frameworks */,
				26FFA10A2CAAE2B5003128C1 /* Resources */,
			);
			buildRules = (
			);
			dependencies = (
			);
			name = "banquemisr.challenge05.*";
			productName = "banquemisr.challenge05.*";
			productReference = 26FFA10C2CAAE2B5003128C1 /* banquemisr.challenge05.*.app */;
			productType = "com.apple.product-type.application";
		};
		26FFA1242CAAE2B8003128C1 /* banquemisr.challenge05.*Tests */ = {
			isa = PBXNativeTarget;
			buildConfigurationList = 26FFA13C2CAAE2B8003128C1 /* Build configuration list for PBXNativeTarget "banquemisr.challenge05.*Tests" */;
			buildPhases = (
				26FFA1212CAAE2B8003128C1 /* Sources */,
				26FFA1222CAAE2B8003128C1 /* Frameworks */,
				26FFA1232CAAE2B8003128C1 /* Resources */,
			);
			buildRules = (
			);
			dependencies = (
				26FFA1272CAAE2B8003128C1 /* PBXTargetDependency */,
			);
			name = "banquemisr.challenge05.*Tests";
			productName = "banquemisr.challenge05.*Tests";
			productReference = 26FFA1252CAAE2B8003128C1 /* banquemisr.challenge05.*Tests.xctest */;
			productType = "com.apple.product-type.bundle.unit-test";
		};
		26FFA12E2CAAE2B8003128C1 /* banquemisr.challenge05.*UITests */ = {
			isa = PBXNativeTarget;
			buildConfigurationList = 26FFA13F2CAAE2B8003128C1 /* Build configuration list for PBXNativeTarget "banquemisr.challenge05.*UITests" */;
			buildPhases = (
				26FFA12B2CAAE2B8003128C1 /* Sources */,
				26FFA12C2CAAE2B8003128C1 /* Frameworks */,
				26FFA12D2CAAE2B8003128C1 /* Resources */,
			);
			buildRules = (
			);
			dependencies = (
				26FFA1312CAAE2B8003128C1 /* PBXTargetDependency */,
			);
			name = "banquemisr.challenge05.*UITests";
			productName = "banquemisr.challenge05.*UITests";
			productReference = 26FFA12F2CAAE2B8003128C1 /* banquemisr.challenge05.*UITests.xctest */;
			productType = "com.apple.product-type.bundle.ui-testing";
		};
/* End PBXNativeTarget section */

/* Begin PBXProject section */
		26FFA1042CAAE2B5003128C1 /* Project object */ = {
			isa = PBXProject;
			attributes = {
				BuildIndependentTargetsInParallel = 1;
				LastSwiftUpdateCheck = 1520;
				LastUpgradeCheck = 1520;
				TargetAttributes = {
					26FFA10B2CAAE2B5003128C1 = {
						CreatedOnToolsVersion = 15.2;
					};
					26FFA1242CAAE2B8003128C1 = {
						CreatedOnToolsVersion = 15.2;
						TestTargetID = 26FFA10B2CAAE2B5003128C1;
					};
					26FFA12E2CAAE2B8003128C1 = {
						CreatedOnToolsVersion = 15.2;
						TestTargetID = 26FFA10B2CAAE2B5003128C1;
					};
				};
			};
			buildConfigurationList = 26FFA1072CAAE2B5003128C1 /* Build configuration list for PBXProject "banquemisr.challenge05.*" */;
			compatibilityVersion = "Xcode 14.0";
			developmentRegion = en;
			hasScannedForEncodings = 0;
			knownRegions = (
				en,
				Base,
			);
			mainGroup = 26FFA1032CAAE2B5003128C1;
			productRefGroup = 26FFA10D2CAAE2B5003128C1 /* Products */;
			projectDirPath = "";
			projectRoot = "";
			targets = (
				26FFA10B2CAAE2B5003128C1 /* banquemisr.challenge05.* */,
				26FFA1242CAAE2B8003128C1 /* banquemisr.challenge05.*Tests */,
				26FFA12E2CAAE2B8003128C1 /* banquemisr.challenge05.*UITests */,
			);
		};
/* End PBXProject section */

/* Begin PBXResourcesBuildPhase section */
		26FFA10A2CAAE2B5003128C1 /* Resources */ = {
			isa = PBXResourcesBuildPhase;
			buildActionMask = 2147483647;
			files = (
				26FFA11F2CAAE2B7003128C1 /* LaunchScreen.storyboard in Resources */,
				26FFA11C2CAAE2B7003128C1 /* Assets.xcassets in Resources */,
				26FFA1172CAAE2B5003128C1 /* Main.storyboard in Resources */,
			);
			runOnlyForDeploymentPostprocessing = 0;
		};
		26FFA1232CAAE2B8003128C1 /* Resources */ = {
			isa = PBXResourcesBuildPhase;
			buildActionMask = 2147483647;
			files = (
			);
			runOnlyForDeploymentPostprocessing = 0;
		};
		26FFA12D2CAAE2B8003128C1 /* Resources */ = {
			isa = PBXResourcesBuildPhase;
			buildActionMask = 2147483647;
			files = (
			);
			runOnlyForDeploymentPostprocessing = 0;
		};
/* End PBXResourcesBuildPhase section */

/* Begin PBXSourcesBuildPhase section */
		26FFA1082CAAE2B5003128C1 /* Sources */ = {
			isa = PBXSourcesBuildPhase;
			buildActionMask = 2147483647;
			files = (
				26FFA1712CAB42B0003128C1 /* MovieDetailsViewController.swift in Sources */,
				26FFA1142CAAE2B5003128C1 /* ViewController.swift in Sources */,
				26FFA16D2CAB426C003128C1 /* MovieDetails.swift in Sources */,
				26FFA11A2CAAE2B5003128C1 /* banquemisr_challenge05__.xcdatamodeld in Sources */,
				26FFA1732CAC00A0003128C1 /* CoreDataManager.swift in Sources */,
				26FFA1582CAAF0DF003128C1 /* NetworkErrorEnum.swift in Sources */,
				26B1135B2CADF65600C27B71 /* ReachabilityServices.swift in Sources */,
				26FFA15A2CAB20A1003128C1 /* MoviesListViewModel.swift in Sources */,
				26FFA16F2CAB4297003128C1 /* MovieDetailsViewModel.swift in Sources */,
				26FFA1512CAAE51D003128C1 /* APIManager.swift in Sources */,
				26FFA1562CAAECE0003128C1 /* NetworkManager.swift in Sources */,
				26FFA1542CAAEA49003128C1 /* EndPointsEnum.swift in Sources */,
				26FFA1602CAB21A8003128C1 /* ImageExtension.swift in Sources */,
				26FFA15C2CAB20B2003128C1 /* MoviesListViewController.swift in Sources */,
				26FFA1102CAAE2B5003128C1 /* AppDelegate.swift in Sources */,
				26FFA16B2CAB3F4C003128C1 /* MoviesTableViewCell.swift in Sources */,
				26FFA15E2CAB20FB003128C1 /* Movie.swift in Sources */,
				26FFA1122CAAE2B5003128C1 /* SceneDelegate.swift in Sources */,
			);
			runOnlyForDeploymentPostprocessing = 0;
		};
		26FFA1212CAAE2B8003128C1 /* Sources */ = {
			isa = PBXSourcesBuildPhase;
			buildActionMask = 2147483647;
			files = (
				26B113552CADDB6A00C27B71 /* MockCoreDataManager.swift in Sources */,
				26FFA1882CADB37C003128C1 /* MovieDetailsViewModelTests.swift in Sources */,
				26FFA1862CADB366003128C1 /* MoviesListViewModelTests.swift in Sources */,
				26B113532CADDB5400C27B71 /* MockAPIManager.swift in Sources */,
				26B113512CADDB4500C27B71 /* MockNetworkManager.swift in Sources */,
				26FFA1802CADB31D003128C1 /* APIManagerTests.swift in Sources */,
				26FFA17E2CADB2F0003128C1 /* MockNetwork.swift in Sources */,
				26FFA17C2CADB2D9003128C1 /* NetworkTests.swift in Sources */,
				26FFA12A2CAAE2B8003128C1 /* banquemisr_challenge05__Tests.swift in Sources */,
				26FFA1822CADB32C003128C1 /* CoreDataTests.swift in Sources */,
				26B113582CADE4F400C27B71 /* ImageExtensionTesting.swift in Sources */,
			);
			runOnlyForDeploymentPostprocessing = 0;
		};
		26FFA12B2CAAE2B8003128C1 /* Sources */ = {
			isa = PBXSourcesBuildPhase;
			buildActionMask = 2147483647;
			files = (
				26FFA1362CAAE2B8003128C1 /* banquemisr_challenge05__UITestsLaunchTests.swift in Sources */,
				26FFA1342CAAE2B8003128C1 /* banquemisr_challenge05__UITests.swift in Sources */,
			);
			runOnlyForDeploymentPostprocessing = 0;
		};
/* End PBXSourcesBuildPhase section */

/* Begin PBXTargetDependency section */
		26FFA1272CAAE2B8003128C1 /* PBXTargetDependency */ = {
			isa = PBXTargetDependency;
			target = 26FFA10B2CAAE2B5003128C1 /* banquemisr.challenge05.* */;
			targetProxy = 26FFA1262CAAE2B8003128C1 /* PBXContainerItemProxy */;
		};
		26FFA1312CAAE2B8003128C1 /* PBXTargetDependency */ = {
			isa = PBXTargetDependency;
			target = 26FFA10B2CAAE2B5003128C1 /* banquemisr.challenge05.* */;
			targetProxy = 26FFA1302CAAE2B8003128C1 /* PBXContainerItemProxy */;
		};
/* End PBXTargetDependency section */

/* Begin PBXVariantGroup section */
		26FFA1152CAAE2B5003128C1 /* Main.storyboard */ = {
			isa = PBXVariantGroup;
			children = (
				26FFA1162CAAE2B5003128C1 /* Base */,
			);
			name = Main.storyboard;
			sourceTree = "<group>";
		};
		26FFA11D2CAAE2B7003128C1 /* LaunchScreen.storyboard */ = {
			isa = PBXVariantGroup;
			children = (
				26FFA11E2CAAE2B7003128C1 /* Base */,
			);
			name = LaunchScreen.storyboard;
			sourceTree = "<group>";
		};
/* End PBXVariantGroup section */

/* Begin XCBuildConfiguration section */
		26FFA1372CAAE2B8003128C1 /* Debug */ = {
			isa = XCBuildConfiguration;
			buildSettings = {
				ALWAYS_SEARCH_USER_PATHS = NO;
				ASSETCATALOG_COMPILER_GENERATE_SWIFT_ASSET_SYMBOL_EXTENSIONS = YES;
				CLANG_ANALYZER_NONNULL = YES;
				CLANG_ANALYZER_NUMBER_OBJECT_CONVERSION = YES_AGGRESSIVE;
				CLANG_CXX_LANGUAGE_STANDARD = "gnu++20";
				CLANG_ENABLE_MODULES = YES;
				CLANG_ENABLE_OBJC_ARC = YES;
				CLANG_ENABLE_OBJC_WEAK = YES;
				CLANG_WARN_BLOCK_CAPTURE_AUTORELEASING = YES;
				CLANG_WARN_BOOL_CONVERSION = YES;
				CLANG_WARN_COMMA = YES;
				CLANG_WARN_CONSTANT_CONVERSION = YES;
				CLANG_WARN_DEPRECATED_OBJC_IMPLEMENTATIONS = YES;
				CLANG_WARN_DIRECT_OBJC_ISA_USAGE = YES_ERROR;
				CLANG_WARN_DOCUMENTATION_COMMENTS = YES;
				CLANG_WARN_EMPTY_BODY = YES;
				CLANG_WARN_ENUM_CONVERSION = YES;
				CLANG_WARN_INFINITE_RECURSION = YES;
				CLANG_WARN_INT_CONVERSION = YES;
				CLANG_WARN_NON_LITERAL_NULL_CONVERSION = YES;
				CLANG_WARN_OBJC_IMPLICIT_RETAIN_SELF = YES;
				CLANG_WARN_OBJC_LITERAL_CONVERSION = YES;
				CLANG_WARN_OBJC_ROOT_CLASS = YES_ERROR;
				CLANG_WARN_QUOTED_INCLUDE_IN_FRAMEWORK_HEADER = YES;
				CLANG_WARN_RANGE_LOOP_ANALYSIS = YES;
				CLANG_WARN_STRICT_PROTOTYPES = YES;
				CLANG_WARN_SUSPICIOUS_MOVE = YES;
				CLANG_WARN_UNGUARDED_AVAILABILITY = YES_AGGRESSIVE;
				CLANG_WARN_UNREACHABLE_CODE = YES;
				CLANG_WARN__DUPLICATE_METHOD_MATCH = YES;
				COPY_PHASE_STRIP = NO;
				DEBUG_INFORMATION_FORMAT = dwarf;
				ENABLE_STRICT_OBJC_MSGSEND = YES;
				ENABLE_TESTABILITY = YES;
				ENABLE_USER_SCRIPT_SANDBOXING = YES;
				GCC_C_LANGUAGE_STANDARD = gnu17;
				GCC_DYNAMIC_NO_PIC = NO;
				GCC_NO_COMMON_BLOCKS = YES;
				GCC_OPTIMIZATION_LEVEL = 0;
				GCC_PREPROCESSOR_DEFINITIONS = (
					"DEBUG=1",
					"$(inherited)",
				);
				GCC_WARN_64_TO_32_BIT_CONVERSION = YES;
				GCC_WARN_ABOUT_RETURN_TYPE = YES_ERROR;
				GCC_WARN_UNDECLARED_SELECTOR = YES;
				GCC_WARN_UNINITIALIZED_AUTOS = YES_AGGRESSIVE;
				GCC_WARN_UNUSED_FUNCTION = YES;
				GCC_WARN_UNUSED_VARIABLE = YES;
				IPHONEOS_DEPLOYMENT_TARGET = 17.2;
				LOCALIZATION_PREFERS_STRING_CATALOGS = YES;
				MTL_ENABLE_DEBUG_INFO = INCLUDE_SOURCE;
				MTL_FAST_MATH = YES;
				ONLY_ACTIVE_ARCH = YES;
				SDKROOT = iphoneos;
				SWIFT_ACTIVE_COMPILATION_CONDITIONS = "DEBUG $(inherited)";
				SWIFT_OPTIMIZATION_LEVEL = "-Onone";
			};
			name = Debug;
		};
		26FFA1382CAAE2B8003128C1 /* Release */ = {
			isa = XCBuildConfiguration;
			buildSettings = {
				ALWAYS_SEARCH_USER_PATHS = NO;
				ASSETCATALOG_COMPILER_GENERATE_SWIFT_ASSET_SYMBOL_EXTENSIONS = YES;
				CLANG_ANALYZER_NONNULL = YES;
				CLANG_ANALYZER_NUMBER_OBJECT_CONVERSION = YES_AGGRESSIVE;
				CLANG_CXX_LANGUAGE_STANDARD = "gnu++20";
				CLANG_ENABLE_MODULES = YES;
				CLANG_ENABLE_OBJC_ARC = YES;
				CLANG_ENABLE_OBJC_WEAK = YES;
				CLANG_WARN_BLOCK_CAPTURE_AUTORELEASING = YES;
				CLANG_WARN_BOOL_CONVERSION = YES;
				CLANG_WARN_COMMA = YES;
				CLANG_WARN_CONSTANT_CONVERSION = YES;
				CLANG_WARN_DEPRECATED_OBJC_IMPLEMENTATIONS = YES;
				CLANG_WARN_DIRECT_OBJC_ISA_USAGE = YES_ERROR;
				CLANG_WARN_DOCUMENTATION_COMMENTS = YES;
				CLANG_WARN_EMPTY_BODY = YES;
				CLANG_WARN_ENUM_CONVERSION = YES;
				CLANG_WARN_INFINITE_RECURSION = YES;
				CLANG_WARN_INT_CONVERSION = YES;
				CLANG_WARN_NON_LITERAL_NULL_CONVERSION = YES;
				CLANG_WARN_OBJC_IMPLICIT_RETAIN_SELF = YES;
				CLANG_WARN_OBJC_LITERAL_CONVERSION = YES;
				CLANG_WARN_OBJC_ROOT_CLASS = YES_ERROR;
				CLANG_WARN_QUOTED_INCLUDE_IN_FRAMEWORK_HEADER = YES;
				CLANG_WARN_RANGE_LOOP_ANALYSIS = YES;
				CLANG_WARN_STRICT_PROTOTYPES = YES;
				CLANG_WARN_SUSPICIOUS_MOVE = YES;
				CLANG_WARN_UNGUARDED_AVAILABILITY = YES_AGGRESSIVE;
				CLANG_WARN_UNREACHABLE_CODE = YES;
				CLANG_WARN__DUPLICATE_METHOD_MATCH = YES;
				COPY_PHASE_STRIP = NO;
				DEBUG_INFORMATION_FORMAT = "dwarf-with-dsym";
				ENABLE_NS_ASSERTIONS = NO;
				ENABLE_STRICT_OBJC_MSGSEND = YES;
				ENABLE_USER_SCRIPT_SANDBOXING = YES;
				GCC_C_LANGUAGE_STANDARD = gnu17;
				GCC_NO_COMMON_BLOCKS = YES;
				GCC_WARN_64_TO_32_BIT_CONVERSION = YES;
				GCC_WARN_ABOUT_RETURN_TYPE = YES_ERROR;
				GCC_WARN_UNDECLARED_SELECTOR = YES;
				GCC_WARN_UNINITIALIZED_AUTOS = YES_AGGRESSIVE;
				GCC_WARN_UNUSED_FUNCTION = YES;
				GCC_WARN_UNUSED_VARIABLE = YES;
				IPHONEOS_DEPLOYMENT_TARGET = 17.2;
				LOCALIZATION_PREFERS_STRING_CATALOGS = YES;
				MTL_ENABLE_DEBUG_INFO = NO;
				MTL_FAST_MATH = YES;
				SDKROOT = iphoneos;
				SWIFT_COMPILATION_MODE = wholemodule;
				VALIDATE_PRODUCT = YES;
			};
			name = Release;
		};
		26FFA13A2CAAE2B8003128C1 /* Debug */ = {
			isa = XCBuildConfiguration;
			buildSettings = {
				ASSETCATALOG_COMPILER_APPICON_NAME = AppIcon;
				ASSETCATALOG_COMPILER_GLOBAL_ACCENT_COLOR_NAME = AccentColor;
				CODE_SIGN_STYLE = Automatic;
				CURRENT_PROJECT_VERSION = 1;
				GENERATE_INFOPLIST_FILE = YES;
				INFOPLIST_FILE = "banquemisr.challenge05.*/Info.plist";
				INFOPLIST_KEY_UIApplicationSupportsIndirectInputEvents = YES;
				INFOPLIST_KEY_UILaunchStoryboardName = LaunchScreen;
				INFOPLIST_KEY_UIMainStoryboardFile = Main;
				INFOPLIST_KEY_UISupportedInterfaceOrientations_iPad = "UIInterfaceOrientationPortrait UIInterfaceOrientationPortraitUpsideDown UIInterfaceOrientationLandscapeLeft UIInterfaceOrientationLandscapeRight";
				INFOPLIST_KEY_UISupportedInterfaceOrientations_iPhone = "UIInterfaceOrientationPortrait UIInterfaceOrientationLandscapeLeft UIInterfaceOrientationLandscapeRight";
				LD_RUNPATH_SEARCH_PATHS = (
					"$(inherited)",
					"@executable_path/Frameworks",
				);
				MARKETING_VERSION = 1.0;
				PRODUCT_BUNDLE_IDENTIFIER = "Banquemisr.banquemisr-challenge05--";
				PRODUCT_NAME = "$(TARGET_NAME)";
				SWIFT_EMIT_LOC_STRINGS = YES;
				SWIFT_VERSION = 5.0;
				TARGETED_DEVICE_FAMILY = "1,2";
			};
			name = Debug;
		};
		26FFA13B2CAAE2B8003128C1 /* Release */ = {
			isa = XCBuildConfiguration;
			buildSettings = {
				ASSETCATALOG_COMPILER_APPICON_NAME = AppIcon;
				ASSETCATALOG_COMPILER_GLOBAL_ACCENT_COLOR_NAME = AccentColor;
				CODE_SIGN_STYLE = Automatic;
				CURRENT_PROJECT_VERSION = 1;
				GENERATE_INFOPLIST_FILE = YES;
				INFOPLIST_FILE = "banquemisr.challenge05.*/Info.plist";
				INFOPLIST_KEY_UIApplicationSupportsIndirectInputEvents = YES;
				INFOPLIST_KEY_UILaunchStoryboardName = LaunchScreen;
				INFOPLIST_KEY_UIMainStoryboardFile = Main;
				INFOPLIST_KEY_UISupportedInterfaceOrientations_iPad = "UIInterfaceOrientationPortrait UIInterfaceOrientationPortraitUpsideDown UIInterfaceOrientationLandscapeLeft UIInterfaceOrientationLandscapeRight";
				INFOPLIST_KEY_UISupportedInterfaceOrientations_iPhone = "UIInterfaceOrientationPortrait UIInterfaceOrientationLandscapeLeft UIInterfaceOrientationLandscapeRight";
				LD_RUNPATH_SEARCH_PATHS = (
					"$(inherited)",
					"@executable_path/Frameworks",
				);
				MARKETING_VERSION = 1.0;
				PRODUCT_BUNDLE_IDENTIFIER = "Banquemisr.banquemisr-challenge05--";
				PRODUCT_NAME = "$(TARGET_NAME)";
				SWIFT_EMIT_LOC_STRINGS = YES;
				SWIFT_VERSION = 5.0;
				TARGETED_DEVICE_FAMILY = "1,2";
			};
			name = Release;
		};
		26FFA13D2CAAE2B8003128C1 /* Debug */ = {
			isa = XCBuildConfiguration;
			buildSettings = {
				ALWAYS_EMBED_SWIFT_STANDARD_LIBRARIES = YES;
				BUNDLE_LOADER = "$(TEST_HOST)";
				CODE_SIGN_STYLE = Automatic;
				CURRENT_PROJECT_VERSION = 1;
				GENERATE_INFOPLIST_FILE = YES;
				IPHONEOS_DEPLOYMENT_TARGET = 17.2;
				MARKETING_VERSION = 1.0;
				PRODUCT_BUNDLE_IDENTIFIER = "Banquemisr.banquemisr-challenge05--Tests";
				PRODUCT_NAME = "$(TARGET_NAME)";
				SWIFT_EMIT_LOC_STRINGS = NO;
				SWIFT_VERSION = 5.0;
				TARGETED_DEVICE_FAMILY = "1,2";
				TEST_HOST = "$(BUILT_PRODUCTS_DIR)/banquemisr.challenge05.*.app/$(BUNDLE_EXECUTABLE_FOLDER_PATH)/banquemisr.challenge05.*";
			};
			name = Debug;
		};
		26FFA13E2CAAE2B8003128C1 /* Release */ = {
			isa = XCBuildConfiguration;
			buildSettings = {
				ALWAYS_EMBED_SWIFT_STANDARD_LIBRARIES = YES;
				BUNDLE_LOADER = "$(TEST_HOST)";
				CODE_SIGN_STYLE = Automatic;
				CURRENT_PROJECT_VERSION = 1;
				GENERATE_INFOPLIST_FILE = YES;
				IPHONEOS_DEPLOYMENT_TARGET = 17.2;
				MARKETING_VERSION = 1.0;
				PRODUCT_BUNDLE_IDENTIFIER = "Banquemisr.banquemisr-challenge05--Tests";
				PRODUCT_NAME = "$(TARGET_NAME)";
				SWIFT_EMIT_LOC_STRINGS = NO;
				SWIFT_VERSION = 5.0;
				TARGETED_DEVICE_FAMILY = "1,2";
				TEST_HOST = "$(BUILT_PRODUCTS_DIR)/banquemisr.challenge05.*.app/$(BUNDLE_EXECUTABLE_FOLDER_PATH)/banquemisr.challenge05.*";
			};
			name = Release;
		};
		26FFA1402CAAE2B8003128C1 /* Debug */ = {
			isa = XCBuildConfiguration;
			buildSettings = {
				ALWAYS_EMBED_SWIFT_STANDARD_LIBRARIES = YES;
				CODE_SIGN_STYLE = Automatic;
				CURRENT_PROJECT_VERSION = 1;
				GENERATE_INFOPLIST_FILE = YES;
				MARKETING_VERSION = 1.0;
				PRODUCT_BUNDLE_IDENTIFIER = "Banquemisr.banquemisr-challenge05--UITests";
				PRODUCT_NAME = "$(TARGET_NAME)";
				SWIFT_EMIT_LOC_STRINGS = NO;
				SWIFT_VERSION = 5.0;
				TARGETED_DEVICE_FAMILY = "1,2";
				TEST_TARGET_NAME = "banquemisr.challenge05.*";
			};
			name = Debug;
		};
		26FFA1412CAAE2B8003128C1 /* Release */ = {
			isa = XCBuildConfiguration;
			buildSettings = {
				ALWAYS_EMBED_SWIFT_STANDARD_LIBRARIES = YES;
				CODE_SIGN_STYLE = Automatic;
				CURRENT_PROJECT_VERSION = 1;
				GENERATE_INFOPLIST_FILE = YES;
				MARKETING_VERSION = 1.0;
				PRODUCT_BUNDLE_IDENTIFIER = "Banquemisr.banquemisr-challenge05--UITests";
				PRODUCT_NAME = "$(TARGET_NAME)";
				SWIFT_EMIT_LOC_STRINGS = NO;
				SWIFT_VERSION = 5.0;
				TARGETED_DEVICE_FAMILY = "1,2";
				TEST_TARGET_NAME = "banquemisr.challenge05.*";
			};
			name = Release;
		};
/* End XCBuildConfiguration section */

/* Begin XCConfigurationList section */
		26FFA1072CAAE2B5003128C1 /* Build configuration list for PBXProject "banquemisr.challenge05.*" */ = {
			isa = XCConfigurationList;
			buildConfigurations = (
				26FFA1372CAAE2B8003128C1 /* Debug */,
				26FFA1382CAAE2B8003128C1 /* Release */,
			);
			defaultConfigurationIsVisible = 0;
			defaultConfigurationName = Release;
		};
		26FFA1392CAAE2B8003128C1 /* Build configuration list for PBXNativeTarget "banquemisr.challenge05.*" */ = {
			isa = XCConfigurationList;
			buildConfigurations = (
				26FFA13A2CAAE2B8003128C1 /* Debug */,
				26FFA13B2CAAE2B8003128C1 /* Release */,
			);
			defaultConfigurationIsVisible = 0;
			defaultConfigurationName = Release;
		};
		26FFA13C2CAAE2B8003128C1 /* Build configuration list for PBXNativeTarget "banquemisr.challenge05.*Tests" */ = {
			isa = XCConfigurationList;
			buildConfigurations = (
				26FFA13D2CAAE2B8003128C1 /* Debug */,
				26FFA13E2CAAE2B8003128C1 /* Release */,
			);
			defaultConfigurationIsVisible = 0;
			defaultConfigurationName = Release;
		};
		26FFA13F2CAAE2B8003128C1 /* Build configuration list for PBXNativeTarget "banquemisr.challenge05.*UITests" */ = {
			isa = XCConfigurationList;
			buildConfigurations = (
				26FFA1402CAAE2B8003128C1 /* Debug */,
				26FFA1412CAAE2B8003128C1 /* Release */,
			);
			defaultConfigurationIsVisible = 0;
			defaultConfigurationName = Release;
		};
/* End XCConfigurationList section */

/* Begin XCVersionGroup section */
		26FFA1182CAAE2B5003128C1 /* banquemisr_challenge05__.xcdatamodeld */ = {
			isa = XCVersionGroup;
			children = (
				26FFA1192CAAE2B5003128C1 /* banquemisr_challenge05__.xcdatamodel */,
			);
			currentVersion = 26FFA1192CAAE2B5003128C1 /* banquemisr_challenge05__.xcdatamodel */;
			path = banquemisr_challenge05__.xcdatamodeld;
			sourceTree = "<group>";
			versionGroupType = wrapper.xcdatamodel;
		};
/* End XCVersionGroup section */
	};
	rootObject = 26FFA1042CAAE2B5003128C1 /* Project object */;
}
